
Microsoft Visual Studio Solution File, Format Version 12.00
# Visual Studio Version 16
VisualStudioVersion = 16.0.31729.503
MinimumVisualStudioVersion = 10.0.40219.1
Project("{FAE04EC0-301F-11D3-BF4B-00C04F79EFBC}") = "ReminderApp", "ReminderApp.csproj", "{A71D9D48-F716-4B70-B9CF-C9199D216382}"
EndProject
Global
	GlobalSection(SolutionConfigurationPlatforms) = preSolution
		Debug|Any CPU = Debug|Any CPU
		Release|Any CPU = Release|Any CPU
	EndGlobalSection
	GlobalSection(ProjectConfigurationPlatforms) = postSolution
		{A71D9D48-F716-4B70-B9CF-C9199D216382}.Debug|Any CPU.ActiveCfg = Debug|Any CPU
		{A71D9D48-F716-4B70-B9CF-C9199D216382}.Debug|Any CPU.Build.0 = Debug|Any CPU
		{A71D9D48-F716-4B70-B9CF-C9199D216382}.Release|Any CPU.ActiveCfg = Release|Any CPU
		{A71D9D48-F716-4B70-B9CF-C9199D216382}.Release|Any CPU.Build.0 = Release|Any CPU
	EndGlobalSection
	GlobalSection(SolutionProperties) = preSolution
		HideSolutionNode = FALSE
	EndGlobalSection
	GlobalSection(ExtensibilityGlobals) = postSolution
		SolutionGuid = {6456C6D1-F239-40C3-83DD-7041D75F8E12}
	EndGlobalSection
EndGlobal
